<?xml version="1.0" encoding="utf-8"?>
<Project ToolsVersion="4.0" xmlns="http://schemas.microsoft.com/developer/msbuild/2003">
  <ItemGroup>
    <Filter Include="Source Files">
      <UniqueIdentifier>{4FC737F1-C7A5-4376-A066-2A32D752A2FF}</UniqueIdentifier>
      <Extensions>cpp;c;cc;cxx;def;odl;idl;hpj;bat;asm;asmx</Extensions>
    </Filter>
    <Filter Include="Header Files">
      <UniqueIdentifier>{93995380-89BD-4b04-88EB-625FBE52EBFB}</UniqueIdentifier>
      <Extensions>h;hh;hpp;hxx;hm;inl;inc;xsd</Extensions>
    </Filter>
    <Filter Include="Resource Files">
      <UniqueIdentifier>{67DA6AB6-F800-4c08-8B7A-83BB121AAD01}</UniqueIdentifier>
      <Extensions>rc;ico;cur;bmp;dlg;rc2;rct;bin;rgs;gif;jpg;jpeg;jpe;resx;tiff;tif;png;wav;mfcribbon-ms</Extensions>
    </Filter>
  </ItemGroup>
  <ItemGroup>
    <ClCompile Include="..\AllFiles\Board.cpp">
      <Filter>Source Files</Filter>
    </ClCompile>
    <ClCompile Include="..\AllFiles\Boat.cpp">
      <Filter>Source Files</Filter>
    </ClCompile>
    <ClCompile Include="..\AllFiles\CommonPlayer.cpp">
      <Filter>Source Files</Filter>
    </ClCompile>
    <ClCompile Include="..\AllFiles\FilesLister.cpp">
      <Filter>Source Files</Filter>
    </ClCompile>
    <ClCompile Include="..\AllFiles\FilesListerWithSuffix.cpp">
      <Filter>Source Files</Filter>
    </ClCompile>
    <ClCompile Include="..\AllFiles\Game.cpp">
      <Filter>Source Files</Filter>
    </ClCompile>
    <ClCompile Include="..\AllFiles\GameBoard.cpp">
      <Filter>Source Files</Filter>
    </ClCompile>
    <ClCompile Include="..\AllFiles\main.cpp">
      <Filter>Source Files</Filter>
    </ClCompile>
    <ClCompile Include="..\AllFiles\Point.cpp">
      <Filter>Source Files</Filter>
    </ClCompile>
  </ItemGroup>
  <ItemGroup>
    <ClInclude Include="..\AllFiles\Board.h">
      <Filter>Header Files</Filter>
    </ClInclude>
    <ClInclude Include="..\AllFiles\Boat.h">
      <Filter>Header Files</Filter>
    </ClInclude>
    <ClInclude Include="..\AllFiles\CommonPlayer.h">
      <Filter>Header Files</Filter>
    </ClInclude>
    <ClInclude Include="..\AllFiles\dirent.h">
      <Filter>Header Files</Filter>
    </ClInclude>
    <ClInclude Include="..\AllFiles\FilesLister.h">
      <Filter>Header Files</Filter>
    </ClInclude>
    <ClInclude Include="..\AllFiles\FilesListerWithSuffix.h">
      <Filter>Header Files</Filter>
    </ClInclude>
    <ClInclude Include="..\AllFiles\Game.h">
      <Filter>Header Files</Filter>
    </ClInclude>
    <ClInclude Include="..\AllFiles\GameBoard.h">
      <Filter>Header Files</Filter>
    </ClInclude>
    <ClInclude Include="..\AllFiles\IBattleshipGameAlgo.h">
      <Filter>Header Files</Filter>
    </ClInclude>
    <ClInclude Include="..\AllFiles\Point.h">
      <Filter>Header Files</Filter>
    </ClInclude>
    <ClInclude Include="..\AllFiles\SeaBattleBoardLister.h">
      <Filter>Header Files</Filter>
    </ClInclude>
  </ItemGroup>
</Project>